// !$*UTF8*$!
{
	archiveVersion = 1;
	classes = {
	};
	objectVersion = 46;
	objects = {

/* Begin PBXBuildFile section */
		7C3AC1BA1D578EB8006F56BF /* AppDelegate.swift in Sources */ = {isa = PBXBuildFile; fileRef = 7C3AC1B91D578EB8006F56BF /* AppDelegate.swift */; };
		7C3AC1BC1D578EB8006F56BF /* MasterViewController.swift in Sources */ = {isa = PBXBuildFile; fileRef = 7C3AC1BB1D578EB8006F56BF /* MasterViewController.swift */; };
		7C3AC1BE1D578EB8006F56BF /* DetailViewController.swift in Sources */ = {isa = PBXBuildFile; fileRef = 7C3AC1BD1D578EB8006F56BF /* DetailViewController.swift */; };
		7C3AC1C11D578EB8006F56BF /* Main.storyboard in Resources */ = {isa = PBXBuildFile; fileRef = 7C3AC1BF1D578EB8006F56BF /* Main.storyboard */; };
		7C3AC1C31D578EB8006F56BF /* Assets.xcassets in Resources */ = {isa = PBXBuildFile; fileRef = 7C3AC1C21D578EB8006F56BF /* Assets.xcassets */; };
		7C3AC1C61D578EB8006F56BF /* LaunchScreen.storyboard in Resources */ = {isa = PBXBuildFile; fileRef = 7C3AC1C41D578EB8006F56BF /* LaunchScreen.storyboard */; };
		7C3AC1CF1D5790B1006F56BF /* PowerOffViewViewController.swift in Sources */ = {isa = PBXBuildFile; fileRef = 7C3AC1CD1D5790B1006F56BF /* PowerOffViewViewController.swift */; };
		7C3AC1D01D5790B1006F56BF /* PowerOffViewViewController.xib in Resources */ = {isa = PBXBuildFile; fileRef = 7C3AC1CE1D5790B1006F56BF /* PowerOffViewViewController.xib */; };
/* End PBXBuildFile section */

/* Begin PBXFileReference section */
		7C3AC1B61D578EB8006F56BF /* UICatalog.app */ = {isa = PBXFileReference; explicitFileType = wrapper.application; includeInIndex = 0; path = UICatalog.app; sourceTree = BUILT_PRODUCTS_DIR; };
		7C3AC1B91D578EB8006F56BF /* AppDelegate.swift */ = {isa = PBXFileReference; lastKnownFileType = sourcecode.swift; path = AppDelegate.swift; sourceTree = "<group>"; };
		7C3AC1BB1D578EB8006F56BF /* MasterViewController.swift */ = {isa = PBXFileReference; lastKnownFileType = sourcecode.swift; path = MasterViewController.swift; sourceTree = "<group>"; };
		7C3AC1BD1D578EB8006F56BF /* DetailViewController.swift */ = {isa = PBXFileReference; lastKnownFileType = sourcecode.swift; path = DetailViewController.swift; sourceTree = "<group>"; };
		7C3AC1C01D578EB8006F56BF /* Base */ = {isa = PBXFileReference; lastKnownFileType = file.storyboard; name = Base; path = Base.lproj/Main.storyboard; sourceTree = "<group>"; };
		7C3AC1C21D578EB8006F56BF /* Assets.xcassets */ = {isa = PBXFileReference; lastKnownFileType = folder.assetcatalog; path = Assets.xcassets; sourceTree = "<group>"; };
		7C3AC1C51D578EB8006F56BF /* Base */ = {isa = PBXFileReference; lastKnownFileType = file.storyboard; name = Base; path = Base.lproj/LaunchScreen.storyboard; sourceTree = "<group>"; };
		7C3AC1C71D578EB8006F56BF /* Info.plist */ = {isa = PBXFileReference; lastKnownFileType = text.plist.xml; path = Info.plist; sourceTree = "<group>"; };
		7C3AC1CD1D5790B1006F56BF /* PowerOffViewViewController.swift */ = {isa = PBXFileReference; fileEncoding = 4; lastKnownFileType = sourcecode.swift; path = PowerOffViewViewController.swift; sourceTree = "<group>"; };
		7C3AC1CE1D5790B1006F56BF /* PowerOffViewViewController.xib */ = {isa = PBXFileReference; fileEncoding = 4; lastKnownFileType = file.xib; path = PowerOffViewViewController.xib; sourceTree = "<group>"; };
/* End PBXFileReference section */

/* Begin PBXFrameworksBuildPhase section */
		7C3AC1B31D578EB8006F56BF /* Frameworks */ = {
			isa = PBXFrameworksBuildPhase;
			buildActionMask = 2147483647;
			files = (
			);
			runOnlyForDeploymentPostprocessing = 0;
		};
/* End PBXFrameworksBuildPhase section */

/* Begin PBXGroup section */
		7C3AC1AD1D578EB7006F56BF = {
			isa = PBXGroup;
			children = (
				7C3AC1B81D578EB8006F56BF /* UICatalog */,
				7C3AC1B71D578EB8006F56BF /* Products */,
			);
			sourceTree = "<group>";
		};
		7C3AC1B71D578EB8006F56BF /* Products */ = {
			isa = PBXGroup;
			children = (
				7C3AC1B61D578EB8006F56BF /* UICatalog.app */,
			);
			name = Products;
			sourceTree = "<group>";
		};
		7C3AC1B81D578EB8006F56BF /* UICatalog */ = {
			isa = PBXGroup;
			children = (
				7C3AC1B91D578EB8006F56BF /* AppDelegate.swift */,
				7C3AC1BB1D578EB8006F56BF /* MasterViewController.swift */,
				7C3AC1BD1D578EB8006F56BF /* DetailViewController.swift */,
				7C3AC1D11D5790D8006F56BF /* Power Off View */,
				7C3AC1BF1D578EB8006F56BF /* Main.storyboard */,
				7C3AC1C21D578EB8006F56BF /* Assets.xcassets */,
				7C3AC1C41D578EB8006F56BF /* LaunchScreen.storyboard */,
				7C3AC1C71D578EB8006F56BF /* Info.plist */,
			);
			path = UICatalog;
			sourceTree = "<group>";
		};
		7C3AC1D11D5790D8006F56BF /* Power Off View */ = {
			isa = PBXGroup;
			children = (
				7C3AC1CD1D5790B1006F56BF /* PowerOffViewViewController.swift */,
				7C3AC1CE1D5790B1006F56BF /* PowerOffViewViewController.xib */,
			);
			name = "Power Off View";
			sourceTree = "<group>";
		};
/* End PBXGroup section */

/* Begin PBXNativeTarget section */
		7C3AC1B51D578EB8006F56BF /* UICatalog */ = {
			isa = PBXNativeTarget;
			buildConfigurationList = 7C3AC1CA1D578EB8006F56BF /* Build configuration list for PBXNativeTarget "UICatalog" */;
			buildPhases = (
				7C3AC1B21D578EB8006F56BF /* Sources */,
				7C3AC1B31D578EB8006F56BF /* Frameworks */,
				7C3AC1B41D578EB8006F56BF /* Resources */,
			);
			buildRules = (
			);
			dependencies = (
			);
			name = UICatalog;
			productName = UICatalog;
			productReference = 7C3AC1B61D578EB8006F56BF /* UICatalog.app */;
			productType = "com.apple.product-type.application";
		};
/* End PBXNativeTarget section */

/* Begin PBXProject section */
		7C3AC1AE1D578EB8006F56BF /* Project object */ = {
			isa = PBXProject;
			attributes = {
				LastSwiftUpdateCheck = 0730;
				LastUpgradeCheck = 0730;
				ORGANIZATIONNAME = "Kip Nicol";
				TargetAttributes = {
					7C3AC1B51D578EB8006F56BF = {
						CreatedOnToolsVersion = 7.3.1;
					};
				};
			};
			buildConfigurationList = 7C3AC1B11D578EB8006F56BF /* Build configuration list for PBXProject "UICatalog" */;
			compatibilityVersion = "Xcode 3.2";
			developmentRegion = English;
			hasScannedForEncodings = 0;
			knownRegions = (
				en,
				Base,
			);
			mainGroup = 7C3AC1AD1D578EB7006F56BF;
			productRefGroup = 7C3AC1B71D578EB8006F56BF /* Products */;
			projectDirPath = "";
			projectRoot = "";
			targets = (
				7C3AC1B51D578EB8006F56BF /* UICatalog */,
			);
		};
/* End PBXProject section */

/* Begin PBXResourcesBuildPhase section */
		7C3AC1B41D578EB8006F56BF /* Resources */ = {
			isa = PBXResourcesBuildPhase;
			buildActionMask = 2147483647;
			files = (
				7C3AC1C61D578EB8006F56BF /* LaunchScreen.storyboard in Resources */,
				7C3AC1D01D5790B1006F56BF /* PowerOffViewViewController.xib in Resources */,
				7C3AC1C31D578EB8006F56BF /* Assets.xcassets in Resources */,
				7C3AC1C11D578EB8006F56BF /* Main.storyboard in Resources */,
			);
			runOnlyForDeploymentPostprocessing = 0;
		};
/* End PBXResourcesBuildPhase section */

/* Begin PBXSourcesBuildPhase section */
		7C3AC1B21D578EB8006F56BF /* Sources */ = {
			isa = PBXSourcesBuildPhase;
			buildActionMask = 2147483647;
			files = (
				7C3AC1BE1D578EB8006F56BF /* DetailViewController.swift in Sources */,
				7C3AC1BC1D578EB8006F56BF /* MasterViewController.swift in Sources */,
				7C3AC1CF1D5790B1006F56BF /* PowerOffViewViewController.swift in Sources */,
				7C3AC1BA1D578EB8006F56BF /* AppDelegate.swift in Sources */,
			);
			runOnlyForDeploymentPostprocessing = 0;
		};
/* End PBXSourcesBuildPhase section */

/* Begin PBXVariantGroup section */
		7C3AC1BF1D578EB8006F56BF /* Main.storyboard */ = {
			isa = PBXVariantGroup;
			children = (
				7C3AC1C01D578EB8006F56BF /* Base */,
			);
			name = Main.storyboard;
			sourceTree = "<group>";
		};
		7C3AC1C41D578EB8006F56BF /* LaunchScreen.storyboard */ = {
			isa = PBXVariantGroup;
			children = (
				7C3AC1C51D578EB8006F56BF /* Base */,
			);
			name = LaunchScreen.storyboard;
			sourceTree = "<group>";
		};
/* End PBXVariantGroup section */

/* Begin XCBuildConfiguration section */
		7C3AC1C81D578EB8006F56BF /* Debug */ = {
			isa = XCBuildConfiguration;
			buildSettings = {
				ALWAYS_SEARCH_USER_PATHS = NO;
				CLANG_ANALYZER_NONNULL = YES;
				CLANG_CXX_LANGUAGE_STANDARD = "gnu++0x";
				CLANG_CXX_LIBRARY = "libc++";
				CLANG_ENABLE_MODULES = YES;
				CLANG_ENABLE_OBJC_ARC = YES;
				CLANG_WARN_BOOL_CONVERSION = YES;
				CLANG_WARN_CONSTANT_CONVERSION = YES;
				CLANG_WARN_DIRECT_OBJC_ISA_USAGE = YES_ERROR;
				CLANG_WARN_EMPTY_BODY = YES;
				CLANG_WARN_ENUM_CONVERSION = YES;
				CLANG_WARN_INT_CONVERSION = YES;
				CLANG_WARN_OBJC_ROOT_CLASS = YES_ERROR;
				CLANG_WARN_UNREACHABLE_CODE = YES;
				CLANG_WARN__DUPLICATE_METHOD_MATCH = YES;
				"CODE_SIGN_IDENTITY[sdk=iphoneos*]" = "iPhone Developer";
				COPY_PHASE_STRIP = NO;
				DEBUG_INFORMATION_FORMAT = dwarf;
				ENABLE_STRICT_OBJC_MSGSEND = YES;
				ENABLE_TESTABILITY = YES;
				GCC_C_LANGUAGE_STANDARD = gnu99;
				GCC_DYNAMIC_NO_PIC = NO;
				GCC_NO_COMMON_BLOCKS = YES;
				GCC_OPTIMIZATION_LEVEL = 0;
				GCC_PREPROCESSOR_DEFINITIONS = (
					"DEBUG=1",
					"$(inherited)",
				);
				GCC_WARN_64_TO_32_BIT_CONVERSION = YES;
				GCC_WARN_ABOUT_RETURN_TYPE = YES_ERROR;
				GCC_WARN_UNDECLARED_SELECTOR = YES;
				GCC_WARN_UNINITIALIZED_AUTOS = YES_AGGRESSIVE;
				GCC_WARN_UNUSED_FUNCTION = YES;
				GCC_WARN_UNUSED_VARIABLE = YES;
				IPHONEOS_DEPLOYMENT_TARGET = 9.3;
				MTL_ENABLE_DEBUG_INFO = YES;
				ONLY_ACTIVE_ARCH = YES;
				SDKROOT = iphoneos;
				SWIFT_OPTIMIZATION_LEVEL = "-Onone";
				TARGETED_DEVICE_FAMILY = "1,2";
			};
			name = Debug;
		};
		7C3AC1C91D578EB8006F56BF /* Release */ = {
			isa = XCBuildConfiguration;
			buildSettings = {
				ALWAYS_SEARCH_USER_PATHS = NO;
				CLANG_ANALYZER_NONNULL = YES;
				CLANG_CXX_LANGUAGE_STANDARD = "gnu++0x";
				CLANG_CXX_LIBRARY = "libc++";
				CLANG_ENABLE_MODULES = YES;
				CLANG_ENABLE_OBJC_ARC = YES;
				CLANG_WARN_BOOL_CONVERSION = YES;
				CLANG_WARN_CONSTANT_CONVERSION = YES;
				CLANG_WARN_DIRECT_OBJC_ISA_USAGE = YES_ERROR;
				CLANG_WARN_EMPTY_BODY = YES;
				CLANG_WARN_ENUM_CONVERSION = YES;
				CLANG_WARN_INT_CONVERSION = YES;
				CLANG_WARN_OBJC_ROOT_CLASS = YES_ERROR;
				CLANG_WARN_UNREACHABLE_CODE = YES;
				CLANG_WARN__DUPLICATE_METHOD_MATCH = YES;
				"CODE_SIGN_IDENTITY[sdk=iphoneos*]" = "iPhone Developer";
				COPY_PHASE_STRIP = NO;
				DEBUG_INFORMATION_FORMAT = "dwarf-with-dsym";
				ENABLE_NS_ASSERTIONS = NO;
				ENABLE_STRICT_OBJC_MSGSEND = YES;
				GCC_C_LANGUAGE_STANDARD = gnu99;
				GCC_NO_COMMON_BLOCKS = YES;
				GCC_WARN_64_TO_32_BIT_CONVERSION = YES;
				GCC_WARN_ABOUT_RETURN_TYPE = YES_ERROR;
				GCC_WARN_UNDECLARED_SELECTOR = YES;
				GCC_WARN_UNINITIALIZED_AUTOS = YES_AGGRESSIVE;
				GCC_WARN_UNUSED_FUNCTION = YES;
				GCC_WARN_UNUSED_VARIABLE = YES;
				IPHONEOS_DEPLOYMENT_TARGET = 9.3;
				MTL_ENABLE_DEBUG_INFO = NO;
				SDKROOT = iphoneos;
				TARGETED_DEVICE_FAMILY = "1,2";
				VALIDATE_PRODUCT = YES;
			};
			name = Release;
		};
		7C3AC1CB1D578EB8006F56BF /* Debug */ = {
			isa = XCBuildConfiguration;
			buildSettings = {
				ASSETCATALOG_COMPILER_APPICON_NAME = AppIcon;
				INFOPLIST_FILE = UICatalog/Info.plist;
				LD_RUNPATH_SEARCH_PATHS = "$(inherited) @executable_path/Frameworks";
				PRODUCT_BUNDLE_IDENTIFIER = com.kipnicol.UICatalog;
				PRODUCT_NAME = "$(TARGET_NAME)";
			};
			name = Debug;
		};
		7C3AC1CC1D578EB8006F56BF /* Release */ = {
			isa = XCBuildConfiguration;
			buildSettings = {
				ASSETCATALOG_COMPILER_APPICON_NAME = AppIcon;
				INFOPLIST_FILE = UICatalog/Info.plist;
				LD_RUNPATH_SEARCH_PATHS = "$(inherited) @executable_path/Frameworks";
				PRODUCT_BUNDLE_IDENTIFIER = com.kipnicol.UICatalog;
				PRODUCT_NAME = "$(TARGET_NAME)";
			};
			name = Release;
		};
/* End XCBuildConfiguration section */

/* Begin XCConfigurationList section */
		7C3AC1B11D578EB8006F56BF /* Build configuration list for PBXProject "UICatalog" */ = {
			isa = XCConfigurationList;
			buildConfigurations = (
				7C3AC1C81D578EB8006F56BF /* Debug */,
				7C3AC1C91D578EB8006F56BF /* Release */,
			);
			defaultConfigurationIsVisible = 0;
			defaultConfigurationName = Release;
		};
		7C3AC1CA1D578EB8006F56BF /* Build configuration list for PBXNativeTarget "UICatalog" */ = {
			isa = XCConfigurationList;
			buildConfigurations = (
				7C3AC1CB1D578EB8006F56BF /* Debug */,
				7C3AC1CC1D578EB8006F56BF /* Release */,
			);
			defaultConfigurationIsVisible = 0;
		};
/* End XCConfigurationList section */
	};
	rootObject = 7C3AC1AE1D578EB8006F56BF /* Project object */;
}
